
Microsoft Visual Studio Solution File, Format Version 12.00
# Visual Studio Version 17
VisualStudioVersion = 17.1.32210.238
MinimumVisualStudioVersion = 10.0.40219.1
Project("{FAE04EC0-301F-11D3-BF4B-00C04F79EFBC}") = "carro prueba 3", "carro prueba 3\carro prueba 3.csproj", "{96FD5C88-E108-4D09-BFE5-30E64758D414}"
EndProject
Global
	GlobalSection(SolutionConfigurationPlatforms) = preSolution
		Debug|Any CPU = Debug|Any CPU
		Release|Any CPU = Release|Any CPU
	EndGlobalSection
	GlobalSection(ProjectConfigurationPlatforms) = postSolution
		{96FD5C88-E108-4D09-BFE5-30E64758D414}.Debug|Any CPU.ActiveCfg = Debug|Any CPU
		{96FD5C88-E108-4D09-BFE5-30E64758D414}.Debug|Any CPU.Build.0 = Debug|Any CPU
		{96FD5C88-E108-4D09-BFE5-30E64758D414}.Release|Any CPU.ActiveCfg = Release|Any CPU
		{96FD5C88-E108-4D09-BFE5-30E64758D414}.Release|Any CPU.Build.0 = Release|Any CPU
	EndGlobalSection
	GlobalSection(SolutionProperties) = preSolution
		HideSolutionNode = FALSE
	EndGlobalSection
	GlobalSection(ExtensibilityGlobals) = postSolution
		SolutionGuid = {8C41A1B2-42A5-4C66-9245-DAF458F475FF}
	EndGlobalSection
EndGlobal
